
Microsoft Visual Studio Solution File, Format Version 12.00
# Visual Studio 2012
Project("{FAE04EC0-301F-11D3-BF4B-00C04F79EFBC}") = "CWS_MrSlurpExtensions", "CWS_MrSlurpExtensions\CWS_MrSlurpExtensions.csproj", "{4258E52D-EE96-49B4-85A7-60C6C357001B}"
EndProject
Global
	GlobalSection(SolutionConfigurationPlatforms) = preSolution
		Debug|Any CPU = Debug|Any CPU
		Release|Any CPU = Release|Any CPU
	EndGlobalSection
	GlobalSection(ProjectConfigurationPlatforms) = postSolution
		{4258E52D-EE96-49B4-85A7-60C6C357001B}.Debug|Any CPU.ActiveCfg = Debug|Any CPU
		{4258E52D-EE96-49B4-85A7-60C6C357001B}.Debug|Any CPU.Build.0 = Debug|Any CPU
		{4258E52D-EE96-49B4-85A7-60C6C357001B}.Release|Any CPU.ActiveCfg = Release|Any CPU
		{4258E52D-EE96-49B4-85A7-60C6C357001B}.Release|Any CPU.Build.0 = Release|Any CPU
	EndGlobalSection
	GlobalSection(SolutionProperties) = preSolution
		HideSolutionNode = FALSE
	EndGlobalSection
EndGlobal
